
Microsoft Visual Studio Solution File, Format Version 12.00
# Visual Studio Version 17
VisualStudioVersion = 17.7.34031.279
MinimumVisualStudioVersion = 10.0.40219.1
Project("{FAE04EC0-301F-11D3-BF4B-00C04F79EFBC}") = "csharp-practice", "csharp-practice.csproj", "{EA0D50D9-0420-4F01-9864-7FE0384761D5}"
EndProject
Project("{FAE04EC0-301F-11D3-BF4B-00C04F79EFBC}") = "practice-console", "..\ConsoleApp1\practice-console.csproj", "{A3694192-81A0-4FFA-9BE2-7A52098908F3}"
EndProject
Project("{FAE04EC0-301F-11D3-BF4B-00C04F79EFBC}") = "1-Temperature-Change-Event", "..\1-Temperature-Change-Event\1-Temperature-Change-Event.csproj", "{D8A7F98D-899E-4121-BDEA-762419E8E04F}"
EndProject
Project("{FAE04EC0-301F-11D3-BF4B-00C04F79EFBC}") = "2-News-Publisher-Event", "..\2-News-Publisher-Event\2-News-Publisher-Event.csproj", "{93547FC7-08DC-4B07-8D7F-66FD692ABBA3}"
EndProject
Project("{FAE04EC0-301F-11D3-BF4B-00C04F79EFBC}") = "3-New-Order-Event", "..\3-New-Order-Event\3-New-Order-Event.csproj", "{3F5C81A8-4FDA-44E8-8C71-57641B90C2CD}"
EndProject
Project("{FAE04EC0-301F-11D3-BF4B-00C04F79EFBC}") = "4-Logger", "..\4-Logger\4-Logger.csproj", "{33F260CD-F260-4EF4-8ABA-71976F163566}"
EndProject
Project("{FAE04EC0-301F-11D3-BF4B-00C04F79EFBC}") = "5-Multicast-Delegate", "..\5-Multicast-Delegate\5-Multicast-Delegate.csproj", "{96FBB908-3E65-41C1-9D6D-9C6DDD9BAC13}"
EndProject
Project("{FAE04EC0-301F-11D3-BF4B-00C04F79EFBC}") = "6-Predefined-Delegates", "..\6-Predefined-Delegates\6-Predefined-Delegates.csproj", "{33E3DD5A-D06B-45F8-9CA8-B0B57E102E62}"
EndProject
Project("{FAE04EC0-301F-11D3-BF4B-00C04F79EFBC}") = "7-Lambda-Expression", "..\7-Lambda-Expression\7-Lambda-Expression.csproj", "{4F4686DA-3C92-4CAF-9FA3-B0603454CEA2}"
EndProject
Project("{FAE04EC0-301F-11D3-BF4B-00C04F79EFBC}") = "8-Using-Statement", "..\8-Using-Statement\8-Using-Statement.csproj", "{85F13DC2-6205-4A28-842B-35A4E9FE2726}"
EndProject
Global
	GlobalSection(SolutionConfigurationPlatforms) = preSolution
		Debug|Any CPU = Debug|Any CPU
		Release|Any CPU = Release|Any CPU
	EndGlobalSection
	GlobalSection(ProjectConfigurationPlatforms) = postSolution
		{EA0D50D9-0420-4F01-9864-7FE0384761D5}.Debug|Any CPU.ActiveCfg = Debug|Any CPU
		{EA0D50D9-0420-4F01-9864-7FE0384761D5}.Debug|Any CPU.Build.0 = Debug|Any CPU
		{EA0D50D9-0420-4F01-9864-7FE0384761D5}.Release|Any CPU.ActiveCfg = Release|Any CPU
		{EA0D50D9-0420-4F01-9864-7FE0384761D5}.Release|Any CPU.Build.0 = Release|Any CPU
		{A3694192-81A0-4FFA-9BE2-7A52098908F3}.Debug|Any CPU.ActiveCfg = Debug|Any CPU
		{A3694192-81A0-4FFA-9BE2-7A52098908F3}.Debug|Any CPU.Build.0 = Debug|Any CPU
		{A3694192-81A0-4FFA-9BE2-7A52098908F3}.Release|Any CPU.ActiveCfg = Release|Any CPU
		{A3694192-81A0-4FFA-9BE2-7A52098908F3}.Release|Any CPU.Build.0 = Release|Any CPU
		{D8A7F98D-899E-4121-BDEA-762419E8E04F}.Debug|Any CPU.ActiveCfg = Debug|Any CPU
		{D8A7F98D-899E-4121-BDEA-762419E8E04F}.Debug|Any CPU.Build.0 = Debug|Any CPU
		{D8A7F98D-899E-4121-BDEA-762419E8E04F}.Release|Any CPU.ActiveCfg = Release|Any CPU
		{D8A7F98D-899E-4121-BDEA-762419E8E04F}.Release|Any CPU.Build.0 = Release|Any CPU
		{93547FC7-08DC-4B07-8D7F-66FD692ABBA3}.Debug|Any CPU.ActiveCfg = Debug|Any CPU
		{93547FC7-08DC-4B07-8D7F-66FD692ABBA3}.Debug|Any CPU.Build.0 = Debug|Any CPU
		{93547FC7-08DC-4B07-8D7F-66FD692ABBA3}.Release|Any CPU.ActiveCfg = Release|Any CPU
		{93547FC7-08DC-4B07-8D7F-66FD692ABBA3}.Release|Any CPU.Build.0 = Release|Any CPU
		{3F5C81A8-4FDA-44E8-8C71-57641B90C2CD}.Debug|Any CPU.ActiveCfg = Debug|Any CPU
		{3F5C81A8-4FDA-44E8-8C71-57641B90C2CD}.Debug|Any CPU.Build.0 = Debug|Any CPU
		{3F5C81A8-4FDA-44E8-8C71-57641B90C2CD}.Release|Any CPU.ActiveCfg = Release|Any CPU
		{3F5C81A8-4FDA-44E8-8C71-57641B90C2CD}.Release|Any CPU.Build.0 = Release|Any CPU
		{33F260CD-F260-4EF4-8ABA-71976F163566}.Debug|Any CPU.ActiveCfg = Debug|Any CPU
		{33F260CD-F260-4EF4-8ABA-71976F163566}.Debug|Any CPU.Build.0 = Debug|Any CPU
		{33F260CD-F260-4EF4-8ABA-71976F163566}.Release|Any CPU.ActiveCfg = Release|Any CPU
		{33F260CD-F260-4EF4-8ABA-71976F163566}.Release|Any CPU.Build.0 = Release|Any CPU
		{96FBB908-3E65-41C1-9D6D-9C6DDD9BAC13}.Debug|Any CPU.ActiveCfg = Debug|Any CPU
		{96FBB908-3E65-41C1-9D6D-9C6DDD9BAC13}.Debug|Any CPU.Build.0 = Debug|Any CPU
		{96FBB908-3E65-41C1-9D6D-9C6DDD9BAC13}.Release|Any CPU.ActiveCfg = Release|Any CPU
		{96FBB908-3E65-41C1-9D6D-9C6DDD9BAC13}.Release|Any CPU.Build.0 = Release|Any CPU
		{33E3DD5A-D06B-45F8-9CA8-B0B57E102E62}.Debug|Any CPU.ActiveCfg = Debug|Any CPU
		{33E3DD5A-D06B-45F8-9CA8-B0B57E102E62}.Debug|Any CPU.Build.0 = Debug|Any CPU
		{33E3DD5A-D06B-45F8-9CA8-B0B57E102E62}.Release|Any CPU.ActiveCfg = Release|Any CPU
		{33E3DD5A-D06B-45F8-9CA8-B0B57E102E62}.Release|Any CPU.Build.0 = Release|Any CPU
		{4F4686DA-3C92-4CAF-9FA3-B0603454CEA2}.Debug|Any CPU.ActiveCfg = Debug|Any CPU
		{4F4686DA-3C92-4CAF-9FA3-B0603454CEA2}.Debug|Any CPU.Build.0 = Debug|Any CPU
		{4F4686DA-3C92-4CAF-9FA3-B0603454CEA2}.Release|Any CPU.ActiveCfg = Release|Any CPU
		{4F4686DA-3C92-4CAF-9FA3-B0603454CEA2}.Release|Any CPU.Build.0 = Release|Any CPU
		{85F13DC2-6205-4A28-842B-35A4E9FE2726}.Debug|Any CPU.ActiveCfg = Debug|Any CPU
		{85F13DC2-6205-4A28-842B-35A4E9FE2726}.Debug|Any CPU.Build.0 = Debug|Any CPU
		{85F13DC2-6205-4A28-842B-35A4E9FE2726}.Release|Any CPU.ActiveCfg = Release|Any CPU
		{85F13DC2-6205-4A28-842B-35A4E9FE2726}.Release|Any CPU.Build.0 = Release|Any CPU
	EndGlobalSection
	GlobalSection(SolutionProperties) = preSolution
		HideSolutionNode = FALSE
	EndGlobalSection
	GlobalSection(ExtensibilityGlobals) = postSolution
		SolutionGuid = {7BA6FBB5-21F2-4288-BB4E-BBBECD1CC523}
	EndGlobalSection
EndGlobal
